
Microsoft Visual Studio Solution File, Format Version 12.00
# Visual Studio Version 17
VisualStudioVersion = 17.0.31903.59
MinimumVisualStudioVersion = 10.0.40219.1
Project("{2150E333-8FDC-42A3-9474-1A3956D46DE8}") = "src", "src", "{DB79AA49-AC40-4314-8475-D40B95926A7B}"
EndProject
Project("{FAE04EC0-301F-11D3-BF4B-00C04F79EFBC}") = "AuctionService", "src\AuctionService\AuctionService.csproj", "{07E48D4F-DD9E-430C-8FB8-6B18B89F1898}"
EndProject
Global
	GlobalSection(SolutionConfigurationPlatforms) = preSolution
		Debug|Any CPU = Debug|Any CPU
		Release|Any CPU = Release|Any CPU
	EndGlobalSection
	GlobalSection(SolutionProperties) = preSolution
		HideSolutionNode = FALSE
	EndGlobalSection
	GlobalSection(ProjectConfigurationPlatforms) = postSolution
		{07E48D4F-DD9E-430C-8FB8-6B18B89F1898}.Debug|Any CPU.ActiveCfg = Debug|Any CPU
		{07E48D4F-DD9E-430C-8FB8-6B18B89F1898}.Debug|Any CPU.Build.0 = Debug|Any CPU
		{07E48D4F-DD9E-430C-8FB8-6B18B89F1898}.Release|Any CPU.ActiveCfg = Release|Any CPU
		{07E48D4F-DD9E-430C-8FB8-6B18B89F1898}.Release|Any CPU.Build.0 = Release|Any CPU
	EndGlobalSection
	GlobalSection(NestedProjects) = preSolution
		{07E48D4F-DD9E-430C-8FB8-6B18B89F1898} = {DB79AA49-AC40-4314-8475-D40B95926A7B}
	EndGlobalSection
EndGlobal
